github.com/DATA-DOG/go-sqlmock v1.5.0/go.mod h1:f/Ixk793poVmq4qj/V1dPUg2JEAKC73Q5eFN3EC/SaM=
github.com/davecgh/go-spew v1.1.0/go.mod h1:J7Y8YcW2NihsgmVo/mv3lAwl/skON4iLHjSsI+c5H38=
github.com/go-sql-driver/mysql v1.7.0 h1:ueSltNNllEqE3qcWBTD0iQd3IpL/6U+mJxLkazJ7YPc=
github.com/go-sql-driver/mysql v1.7.0/go.mod h1:OXbVy3sEdcQ2Doequ6Z5BW6fXNQTmx+9S1MCJN5yJMI=
github.com/jamf/go-mysqldump v0.7.1 h1:JuEjzzKX51Bn9urjciXSqvmCGAxAwH3IaN3+nuplf+o=
github.com/jamf/go-mysqldump v0.7.1/go.mod h1:YWqhOv9PfioqsO59t/DziO8gFEHw8G2vV6qBlFCdHIM=
github.com/pmezard/go-difflib v1.0.0/go.mod h1:iKH77koFhYxTK1pcRnkKkqfTogsbg7gZNVY4sRDYZ/4=
github.com/robfig/cron/v3 v3.0.0 h1:kQ6Cb7aHOHTSzNVNEhmp8EcWKLb4CbiMW9h9VyIhO4E=
github.com/robfig/cron/v3 v3.0.0/go.mod h1:eQICP3HwyT7UooqI/z+Ov+PtYAWygg1TEWWzGIFLtro=
github.com/stretchr/objx v0.1.0/go.mod h1:HFkY916IF+rwdDfMAkV7OtwuqBVzrE8GR6GFx+wExME=
github.com/stretchr/testify v1.7.0/go.mod h1:6Fq8oRcR53rry900zMqJjRRixrwX3KX962/h/Wwjteg=
gopkg.in/check.v1 v0.0.0-20161208181325-20d25e280405/go.mod h1:Co6ibVJAznAaIkqp8huTwlJQCZ016jof/cbN4VW5Yz0=
gopkg.in/yaml.v3 v3.0.0-20200313102051-9f266ea9e77c/go.mod h1:K4uyk7z7BCEPqu6E+C64Yfv1cQ7kz7rIZviUmN+EgEM=
